
Microsoft Visual Studio Solution File, Format Version 12.00
# Visual Studio Version 17
VisualStudioVersion = 17.0.32112.339
MinimumVisualStudioVersion = 10.0.40219.1
Project("{9A19103F-16F7-4668-BE54-9A1E7A4F7556}") = "Console", "Console\Console.csproj", "{D871D20D-3294-4959-A230-0ED122C69022}"
EndProject
Project("{FAE04EC0-301F-11D3-BF4B-00C04F79EFBC}") = "Test", "Test\Test.csproj", "{3F2A8A91-42FE-4D9A-BED2-D4838AE70705}"
EndProject
Global
	GlobalSection(SolutionConfigurationPlatforms) = preSolution
		Debug|Any CPU = Debug|Any CPU
		Release|Any CPU = Release|Any CPU
	EndGlobalSection
	GlobalSection(ProjectConfigurationPlatforms) = postSolution
		{D871D20D-3294-4959-A230-0ED122C69022}.Debug|Any CPU.ActiveCfg = Debug|Any CPU
		{D871D20D-3294-4959-A230-0ED122C69022}.Debug|Any CPU.Build.0 = Debug|Any CPU
		{D871D20D-3294-4959-A230-0ED122C69022}.Release|Any CPU.ActiveCfg = Release|Any CPU
		{D871D20D-3294-4959-A230-0ED122C69022}.Release|Any CPU.Build.0 = Release|Any CPU
		{3F2A8A91-42FE-4D9A-BED2-D4838AE70705}.Debug|Any CPU.ActiveCfg = Debug|Any CPU
		{3F2A8A91-42FE-4D9A-BED2-D4838AE70705}.Debug|Any CPU.Build.0 = Debug|Any CPU
		{3F2A8A91-42FE-4D9A-BED2-D4838AE70705}.Release|Any CPU.ActiveCfg = Release|Any CPU
		{3F2A8A91-42FE-4D9A-BED2-D4838AE70705}.Release|Any CPU.Build.0 = Release|Any CPU
	EndGlobalSection
	GlobalSection(SolutionProperties) = preSolution
		HideSolutionNode = FALSE
	EndGlobalSection
	GlobalSection(ExtensibilityGlobals) = postSolution
		SolutionGuid = {4CE96793-7776-44AC-BBF6-F2C235E47DA0}
	EndGlobalSection
EndGlobal
